
Microsoft Visual Studio Solution File, Format Version 12.00
# Visual Studio Version 17
VisualStudioVersion = 17.12.35707.178 d17.12
MinimumVisualStudioVersion = 10.0.40219.1
Project("{FAE04EC0-301F-11D3-BF4B-00C04F79EFBC}") = "EF_Core_Task", "EF_Core_Task\EF_Core_Task.csproj", "{B6F4D04A-1CAD-47E0-9752-CD1EF7698573}"
EndProject
Global
	GlobalSection(SolutionConfigurationPlatforms) = preSolution
		Debug|Any CPU = Debug|Any CPU
		Release|Any CPU = Release|Any CPU
	EndGlobalSection
	GlobalSection(ProjectConfigurationPlatforms) = postSolution
		{B6F4D04A-1CAD-47E0-9752-CD1EF7698573}.Debug|Any CPU.ActiveCfg = Debug|Any CPU
		{B6F4D04A-1CAD-47E0-9752-CD1EF7698573}.Debug|Any CPU.Build.0 = Debug|Any CPU
		{B6F4D04A-1CAD-47E0-9752-CD1EF7698573}.Release|Any CPU.ActiveCfg = Release|Any CPU
		{B6F4D04A-1CAD-47E0-9752-CD1EF7698573}.Release|Any CPU.Build.0 = Release|Any CPU
	EndGlobalSection
	GlobalSection(SolutionProperties) = preSolution
		HideSolutionNode = FALSE
	EndGlobalSection
EndGlobal
